
Microsoft Visual Studio Solution File, Format Version 12.00
# Visual Studio 14
VisualStudioVersion = 14.0.23107.0
MinimumVisualStudioVersion = 10.0.40219.1
Project("{FAE04EC0-301F-11D3-BF4B-00C04F79EFBC}") = "InsertExcelDataToSQL", "InsertExcelDataToSQL\InsertExcelDataToSQL.csproj", "{7538E2C0-346F-425C-8066-A87B0C970844}"
EndProject
Global
	GlobalSection(SolutionConfigurationPlatforms) = preSolution
		Debug|Any CPU = Debug|Any CPU
		Release|Any CPU = Release|Any CPU
	EndGlobalSection
	GlobalSection(ProjectConfigurationPlatforms) = postSolution
		{7538E2C0-346F-425C-8066-A87B0C970844}.Debug|Any CPU.ActiveCfg = Debug|Any CPU
		{7538E2C0-346F-425C-8066-A87B0C970844}.Debug|Any CPU.Build.0 = Debug|Any CPU
		{7538E2C0-346F-425C-8066-A87B0C970844}.Release|Any CPU.ActiveCfg = Release|Any CPU
		{7538E2C0-346F-425C-8066-A87B0C970844}.Release|Any CPU.Build.0 = Release|Any CPU
	EndGlobalSection
	GlobalSection(SolutionProperties) = preSolution
		HideSolutionNode = FALSE
	EndGlobalSection
EndGlobal
